
Microsoft Visual Studio Solution File, Format Version 12.00
# Visual Studio 15
VisualStudioVersion = 15.0.27130.2010
MinimumVisualStudioVersion = 10.0.40219.1
Project("{8BC9CEB8-8B4A-11D0-8D11-00A0C91BC942}") = "0_HelloWindow", "0_HelloWindow\0_HelloWindow.vcxproj", "{30FC21C7-FFED-48CE-A0EE-97C82C732652}"
EndProject
Project("{8BC9CEB8-8B4A-11D0-8D11-00A0C91BC942}") = "1_HelloTriangle", "HelloTriangle\HelloTriangle.vcxproj", "{C24DAE55-4B53-4DBE-97F6-4EA657B5405E}"
EndProject
Project("{8BC9CEB8-8B4A-11D0-8D11-00A0C91BC942}") = "2_Shader", "3_Shader\3_Shader.vcxproj", "{C0947301-4B1E-4241-9C8F-072210BF6675}"
EndProject
Project("{8BC9CEB8-8B4A-11D0-8D11-00A0C91BC942}") = "Common", "Common\Common.vcxproj", "{D6045C41-3743-4E76-8E78-AEA5AEE4F0C1}"
EndProject
Project("{8BC9CEB8-8B4A-11D0-8D11-00A0C91BC942}") = "3_Texture", "3_Texture\3_Texture.vcxproj", "{B38DA384-1036-4C7C-A06E-7355C8DDAE87}"
EndProject
Project("{8BC9CEB8-8B4A-11D0-8D11-00A0C91BC942}") = "4_Transform", "4_Transform\4_Transform.vcxproj", "{66BC09B7-1C15-44CF-A712-12644342503B}"
EndProject
Project("{8BC9CEB8-8B4A-11D0-8D11-00A0C91BC942}") = "5_CoordinateSystem", "5_CoordinateSystem\5_CoordinateSystem.vcxproj", "{C0EA0A0C-B470-4F4F-8863-E8F8080DE1E8}"
EndProject
Project("{8BC9CEB8-8B4A-11D0-8D11-00A0C91BC942}") = "6_Camera", "6_Camera\6_Camera.vcxproj", "{BDA334A8-2A8A-41C7-8AF5-5A0C03EF8B6B}"
EndProject
Project("{8BC9CEB8-8B4A-11D0-8D11-00A0C91BC942}") = "7_Color", "7_Color\7_Color.vcxproj", "{679DCF28-7398-4469-8F70-12C57E942BFF}"
EndProject
Project("{8BC9CEB8-8B4A-11D0-8D11-00A0C91BC942}") = "8_BasicLighting", "8_BasicLighting\8_BasicLighting.vcxproj", "{43FB051F-F099-4288-BF37-182DAEB8D460}"
EndProject
Project("{8BC9CEB8-8B4A-11D0-8D11-00A0C91BC942}") = "9_LightingMaps", "9_LightingMaps\9_LightingMaps.vcxproj", "{4E3354DB-AB03-4D0A-8B41-1AC32A426CEA}"
EndProject
Project("{8BC9CEB8-8B4A-11D0-8D11-00A0C91BC942}") = "10_MultipleLights", "10_MultipleLights\10_MultipleLights.vcxproj", "{F8547FE6-50C0-4DFD-BCD1-7C7076F156B3}"
EndProject
Project("{8BC9CEB8-8B4A-11D0-8D11-00A0C91BC942}") = "11_LoadModel", "11_LoadModel\11_LoadModel.vcxproj", "{1D88B69A-4BC8-430D-B5F8-04E6D39415B6}"
EndProject
Project("{8BC9CEB8-8B4A-11D0-8D11-00A0C91BC942}") = "IMGui", "ThirdPart\IMGui\IMGui.vcxproj", "{9AF7829F-CA3C-48B8-BF0B-C992502F3A08}"
EndProject
Project("{8BC9CEB8-8B4A-11D0-8D11-00A0C91BC942}") = "12_IMGui", "12_IMGui\12_IMGui.vcxproj", "{9384CD0B-509C-4976-87EF-12706E203B6F}"
EndProject
Global
	GlobalSection(SolutionConfigurationPlatforms) = preSolution
		Debug|Win32 = Debug|Win32
		Debug|x64 = Debug|x64
		Debug|x86 = Debug|x86
		MinSizeRel|Win32 = MinSizeRel|Win32
		MinSizeRel|x64 = MinSizeRel|x64
		MinSizeRel|x86 = MinSizeRel|x86
		Release|Win32 = Release|Win32
		Release|x64 = Release|x64
		Release|x86 = Release|x86
		RelWithDebInfo|Win32 = RelWithDebInfo|Win32
		RelWithDebInfo|x64 = RelWithDebInfo|x64
		RelWithDebInfo|x86 = RelWithDebInfo|x86
	EndGlobalSection
	GlobalSection(ProjectConfigurationPlatforms) = postSolution
		{30FC21C7-FFED-48CE-A0EE-97C82C732652}.Debug|Win32.ActiveCfg = Debug|Win32
		{30FC21C7-FFED-48CE-A0EE-97C82C732652}.Debug|Win32.Build.0 = Debug|Win32
		{30FC21C7-FFED-48CE-A0EE-97C82C732652}.Debug|x64.ActiveCfg = Debug|x64
		{30FC21C7-FFED-48CE-A0EE-97C82C732652}.Debug|x64.Build.0 = Debug|x64
		{30FC21C7-FFED-48CE-A0EE-97C82C732652}.Debug|x86.ActiveCfg = Debug|Win32
		{30FC21C7-FFED-48CE-A0EE-97C82C732652}.Debug|x86.Build.0 = Debug|Win32
		{30FC21C7-FFED-48CE-A0EE-97C82C732652}.MinSizeRel|Win32.ActiveCfg = Release|Win32
		{30FC21C7-FFED-48CE-A0EE-97C82C732652}.MinSizeRel|Win32.Build.0 = Release|Win32
		{30FC21C7-FFED-48CE-A0EE-97C82C732652}.MinSizeRel|x64.ActiveCfg = Release|x64
		{30FC21C7-FFED-48CE-A0EE-97C82C732652}.MinSizeRel|x64.Build.0 = Release|x64
		{30FC21C7-FFED-48CE-A0EE-97C82C732652}.MinSizeRel|x86.ActiveCfg = Release|Win32
		{30FC21C7-FFED-48CE-A0EE-97C82C732652}.MinSizeRel|x86.Build.0 = Release|Win32
		{30FC21C7-FFED-48CE-A0EE-97C82C732652}.Release|Win32.ActiveCfg = Release|Win32
		{30FC21C7-FFED-48CE-A0EE-97C82C732652}.Release|Win32.Build.0 = Release|Win32
		{30FC21C7-FFED-48CE-A0EE-97C82C732652}.Release|x64.ActiveCfg = Release|x64
		{30FC21C7-FFED-48CE-A0EE-97C82C732652}.Release|x64.Build.0 = Release|x64
		{30FC21C7-FFED-48CE-A0EE-97C82C732652}.Release|x86.ActiveCfg = Release|Win32
		{30FC21C7-FFED-48CE-A0EE-97C82C732652}.Release|x86.Build.0 = Release|Win32
		{30FC21C7-FFED-48CE-A0EE-97C82C732652}.RelWithDebInfo|Win32.ActiveCfg = Release|Win32
		{30FC21C7-FFED-48CE-A0EE-97C82C732652}.RelWithDebInfo|Win32.Build.0 = Release|Win32
		{30FC21C7-FFED-48CE-A0EE-97C82C732652}.RelWithDebInfo|x64.ActiveCfg = Release|x64
		{30FC21C7-FFED-48CE-A0EE-97C82C732652}.RelWithDebInfo|x64.Build.0 = Release|x64
		{30FC21C7-FFED-48CE-A0EE-97C82C732652}.RelWithDebInfo|x86.ActiveCfg = Release|Win32
		{30FC21C7-FFED-48CE-A0EE-97C82C732652}.RelWithDebInfo|x86.Build.0 = Release|Win32
		{C24DAE55-4B53-4DBE-97F6-4EA657B5405E}.Debug|Win32.ActiveCfg = Debug|Win32
		{C24DAE55-4B53-4DBE-97F6-4EA657B5405E}.Debug|Win32.Build.0 = Debug|Win32
		{C24DAE55-4B53-4DBE-97F6-4EA657B5405E}.Debug|x64.ActiveCfg = Debug|x64
		{C24DAE55-4B53-4DBE-97F6-4EA657B5405E}.Debug|x64.Build.0 = Debug|x64
		{C24DAE55-4B53-4DBE-97F6-4EA657B5405E}.Debug|x86.ActiveCfg = Debug|Win32
		{C24DAE55-4B53-4DBE-97F6-4EA657B5405E}.Debug|x86.Build.0 = Debug|Win32
		{C24DAE55-4B53-4DBE-97F6-4EA657B5405E}.MinSizeRel|Win32.ActiveCfg = Release|Win32
		{C24DAE55-4B53-4DBE-97F6-4EA657B5405E}.MinSizeRel|Win32.Build.0 = Release|Win32
		{C24DAE55-4B53-4DBE-97F6-4EA657B5405E}.MinSizeRel|x64.ActiveCfg = Release|x64
		{C24DAE55-4B53-4DBE-97F6-4EA657B5405E}.MinSizeRel|x64.Build.0 = Release|x64
		{C24DAE55-4B53-4DBE-97F6-4EA657B5405E}.MinSizeRel|x86.ActiveCfg = Release|Win32
		{C24DAE55-4B53-4DBE-97F6-4EA657B5405E}.MinSizeRel|x86.Build.0 = Release|Win32
		{C24DAE55-4B53-4DBE-97F6-4EA657B5405E}.Release|Win32.ActiveCfg = Release|Win32
		{C24DAE55-4B53-4DBE-97F6-4EA657B5405E}.Release|Win32.Build.0 = Release|Win32
		{C24DAE55-4B53-4DBE-97F6-4EA657B5405E}.Release|x64.ActiveCfg = Release|x64
		{C24DAE55-4B53-4DBE-97F6-4EA657B5405E}.Release|x64.Build.0 = Release|x64
		{C24DAE55-4B53-4DBE-97F6-4EA657B5405E}.Release|x86.ActiveCfg = Release|Win32
		{C24DAE55-4B53-4DBE-97F6-4EA657B5405E}.Release|x86.Build.0 = Release|Win32
		{C24DAE55-4B53-4DBE-97F6-4EA657B5405E}.RelWithDebInfo|Win32.ActiveCfg = Release|Win32
		{C24DAE55-4B53-4DBE-97F6-4EA657B5405E}.RelWithDebInfo|Win32.Build.0 = Release|Win32
		{C24DAE55-4B53-4DBE-97F6-4EA657B5405E}.RelWithDebInfo|x64.ActiveCfg = Release|x64
		{C24DAE55-4B53-4DBE-97F6-4EA657B5405E}.RelWithDebInfo|x64.Build.0 = Release|x64
		{C24DAE55-4B53-4DBE-97F6-4EA657B5405E}.RelWithDebInfo|x86.ActiveCfg = Release|Win32
		{C24DAE55-4B53-4DBE-97F6-4EA657B5405E}.RelWithDebInfo|x86.Build.0 = Release|Win32
		{C0947301-4B1E-4241-9C8F-072210BF6675}.Debug|Win32.ActiveCfg = Debug|Win32
		{C0947301-4B1E-4241-9C8F-072210BF6675}.Debug|Win32.Build.0 = Debug|Win32
		{C0947301-4B1E-4241-9C8F-072210BF6675}.Debug|x64.ActiveCfg = Debug|x64
		{C0947301-4B1E-4241-9C8F-072210BF6675}.Debug|x64.Build.0 = Debug|x64
		{C0947301-4B1E-4241-9C8F-072210BF6675}.Debug|x86.ActiveCfg = Debug|Win32
		{C0947301-4B1E-4241-9C8F-072210BF6675}.Debug|x86.Build.0 = Debug|Win32
		{C0947301-4B1E-4241-9C8F-072210BF6675}.MinSizeRel|Win32.ActiveCfg = Release|Win32
		{C0947301-4B1E-4241-9C8F-072210BF6675}.MinSizeRel|Win32.Build.0 = Release|Win32
		{C0947301-4B1E-4241-9C8F-072210BF6675}.MinSizeRel|x64.ActiveCfg = Release|x64
		{C0947301-4B1E-4241-9C8F-072210BF6675}.MinSizeRel|x64.Build.0 = Release|x64
		{C0947301-4B1E-4241-9C8F-072210BF6675}.MinSizeRel|x86.ActiveCfg = Release|Win32
		{C0947301-4B1E-4241-9C8F-072210BF6675}.MinSizeRel|x86.Build.0 = Release|Win32
		{C0947301-4B1E-4241-9C8F-072210BF6675}.Release|Win32.ActiveCfg = Release|Win32
		{C0947301-4B1E-4241-9C8F-072210BF6675}.Release|Win32.Build.0 = Release|Win32
		{C0947301-4B1E-4241-9C8F-072210BF6675}.Release|x64.ActiveCfg = Release|x64
		{C0947301-4B1E-4241-9C8F-072210BF6675}.Release|x64.Build.0 = Release|x64
		{C0947301-4B1E-4241-9C8F-072210BF6675}.Release|x86.ActiveCfg = Release|Win32
		{C0947301-4B1E-4241-9C8F-072210BF6675}.Release|x86.Build.0 = Release|Win32
		{C0947301-4B1E-4241-9C8F-072210BF6675}.RelWithDebInfo|Win32.ActiveCfg = Release|Win32
		{C0947301-4B1E-4241-9C8F-072210BF6675}.RelWithDebInfo|Win32.Build.0 = Release|Win32
		{C0947301-4B1E-4241-9C8F-072210BF6675}.RelWithDebInfo|x64.ActiveCfg = Release|x64
		{C0947301-4B1E-4241-9C8F-072210BF6675}.RelWithDebInfo|x64.Build.0 = Release|x64
		{C0947301-4B1E-4241-9C8F-072210BF6675}.RelWithDebInfo|x86.ActiveCfg = Release|Win32
		{C0947301-4B1E-4241-9C8F-072210BF6675}.RelWithDebInfo|x86.Build.0 = Release|Win32
		{D6045C41-3743-4E76-8E78-AEA5AEE4F0C1}.Debug|Win32.ActiveCfg = Debug|Win32
		{D6045C41-3743-4E76-8E78-AEA5AEE4F0C1}.Debug|Win32.Build.0 = Debug|Win32
		{D6045C41-3743-4E76-8E78-AEA5AEE4F0C1}.Debug|x64.ActiveCfg = Debug|x64
		{D6045C41-3743-4E76-8E78-AEA5AEE4F0C1}.Debug|x64.Build.0 = Debug|x64
		{D6045C41-3743-4E76-8E78-AEA5AEE4F0C1}.Debug|x86.ActiveCfg = Debug|Win32
		{D6045C41-3743-4E76-8E78-AEA5AEE4F0C1}.Debug|x86.Build.0 = Debug|Win32
		{D6045C41-3743-4E76-8E78-AEA5AEE4F0C1}.MinSizeRel|Win32.ActiveCfg = Release|Win32
		{D6045C41-3743-4E76-8E78-AEA5AEE4F0C1}.MinSizeRel|Win32.Build.0 = Release|Win32
		{D6045C41-3743-4E76-8E78-AEA5AEE4F0C1}.MinSizeRel|x64.ActiveCfg = Release|x64
		{D6045C41-3743-4E76-8E78-AEA5AEE4F0C1}.MinSizeRel|x64.Build.0 = Release|x64
		{D6045C41-3743-4E76-8E78-AEA5AEE4F0C1}.MinSizeRel|x86.ActiveCfg = Release|Win32
		{D6045C41-3743-4E76-8E78-AEA5AEE4F0C1}.MinSizeRel|x86.Build.0 = Release|Win32
		{D6045C41-3743-4E76-8E78-AEA5AEE4F0C1}.Release|Win32.ActiveCfg = Release|Win32
		{D6045C41-3743-4E76-8E78-AEA5AEE4F0C1}.Release|Win32.Build.0 = Release|Win32
		{D6045C41-3743-4E76-8E78-AEA5AEE4F0C1}.Release|x64.ActiveCfg = Release|x64
		{D6045C41-3743-4E76-8E78-AEA5AEE4F0C1}.Release|x64.Build.0 = Release|x64
		{D6045C41-3743-4E76-8E78-AEA5AEE4F0C1}.Release|x86.ActiveCfg = Release|Win32
		{D6045C41-3743-4E76-8E78-AEA5AEE4F0C1}.Release|x86.Build.0 = Release|Win32
		{D6045C41-3743-4E76-8E78-AEA5AEE4F0C1}.RelWithDebInfo|Win32.ActiveCfg = Release|Win32
		{D6045C41-3743-4E76-8E78-AEA5AEE4F0C1}.RelWithDebInfo|Win32.Build.0 = Release|Win32
		{D6045C41-3743-4E76-8E78-AEA5AEE4F0C1}.RelWithDebInfo|x64.ActiveCfg = Release|x64
		{D6045C41-3743-4E76-8E78-AEA5AEE4F0C1}.RelWithDebInfo|x64.Build.0 = Release|x64
		{D6045C41-3743-4E76-8E78-AEA5AEE4F0C1}.RelWithDebInfo|x86.ActiveCfg = Release|Win32
		{D6045C41-3743-4E76-8E78-AEA5AEE4F0C1}.RelWithDebInfo|x86.Build.0 = Release|Win32
		{B38DA384-1036-4C7C-A06E-7355C8DDAE87}.Debug|Win32.ActiveCfg = Debug|Win32
		{B38DA384-1036-4C7C-A06E-7355C8DDAE87}.Debug|Win32.Build.0 = Debug|Win32
		{B38DA384-1036-4C7C-A06E-7355C8DDAE87}.Debug|x64.ActiveCfg = Debug|x64
		{B38DA384-1036-4C7C-A06E-7355C8DDAE87}.Debug|x64.Build.0 = Debug|x64
		{B38DA384-1036-4C7C-A06E-7355C8DDAE87}.Debug|x86.ActiveCfg = Debug|Win32
		{B38DA384-1036-4C7C-A06E-7355C8DDAE87}.Debug|x86.Build.0 = Debug|Win32
		{B38DA384-1036-4C7C-A06E-7355C8DDAE87}.MinSizeRel|Win32.ActiveCfg = Release|Win32
		{B38DA384-1036-4C7C-A06E-7355C8DDAE87}.MinSizeRel|Win32.Build.0 = Release|Win32
		{B38DA384-1036-4C7C-A06E-7355C8DDAE87}.MinSizeRel|x64.ActiveCfg = Release|x64
		{B38DA384-1036-4C7C-A06E-7355C8DDAE87}.MinSizeRel|x64.Build.0 = Release|x64
		{B38DA384-1036-4C7C-A06E-7355C8DDAE87}.MinSizeRel|x86.ActiveCfg = Release|Win32
		{B38DA384-1036-4C7C-A06E-7355C8DDAE87}.MinSizeRel|x86.Build.0 = Release|Win32
		{B38DA384-1036-4C7C-A06E-7355C8DDAE87}.Release|Win32.ActiveCfg = Release|Win32
		{B38DA384-1036-4C7C-A06E-7355C8DDAE87}.Release|Win32.Build.0 = Release|Win32
		{B38DA384-1036-4C7C-A06E-7355C8DDAE87}.Release|x64.ActiveCfg = Release|x64
		{B38DA384-1036-4C7C-A06E-7355C8DDAE87}.Release|x64.Build.0 = Release|x64
		{B38DA384-1036-4C7C-A06E-7355C8DDAE87}.Release|x86.ActiveCfg = Release|Win32
		{B38DA384-1036-4C7C-A06E-7355C8DDAE87}.Release|x86.Build.0 = Release|Win32
		{B38DA384-1036-4C7C-A06E-7355C8DDAE87}.RelWithDebInfo|Win32.ActiveCfg = Release|Win32
		{B38DA384-1036-4C7C-A06E-7355C8DDAE87}.RelWithDebInfo|Win32.Build.0 = Release|Win32
		{B38DA384-1036-4C7C-A06E-7355C8DDAE87}.RelWithDebInfo|x64.ActiveCfg = Release|x64
		{B38DA384-1036-4C7C-A06E-7355C8DDAE87}.RelWithDebInfo|x64.Build.0 = Release|x64
		{B38DA384-1036-4C7C-A06E-7355C8DDAE87}.RelWithDebInfo|x86.ActiveCfg = Release|Win32
		{B38DA384-1036-4C7C-A06E-7355C8DDAE87}.RelWithDebInfo|x86.Build.0 = Release|Win32
		{66BC09B7-1C15-44CF-A712-12644342503B}.Debug|Win32.ActiveCfg = Debug|Win32
		{66BC09B7-1C15-44CF-A712-12644342503B}.Debug|Win32.Build.0 = Debug|Win32
		{66BC09B7-1C15-44CF-A712-12644342503B}.Debug|x64.ActiveCfg = Debug|x64
		{66BC09B7-1C15-44CF-A712-12644342503B}.Debug|x64.Build.0 = Debug|x64
		{66BC09B7-1C15-44CF-A712-12644342503B}.Debug|x86.ActiveCfg = Debug|Win32
		{66BC09B7-1C15-44CF-A712-12644342503B}.Debug|x86.Build.0 = Debug|Win32
		{66BC09B7-1C15-44CF-A712-12644342503B}.MinSizeRel|Win32.ActiveCfg = Release|Win32
		{66BC09B7-1C15-44CF-A712-12644342503B}.MinSizeRel|Win32.Build.0 = Release|Win32
		{66BC09B7-1C15-44CF-A712-12644342503B}.MinSizeRel|x64.ActiveCfg = Release|x64
		{66BC09B7-1C15-44CF-A712-12644342503B}.MinSizeRel|x64.Build.0 = Release|x64
		{66BC09B7-1C15-44CF-A712-12644342503B}.MinSizeRel|x86.ActiveCfg = Release|Win32
		{66BC09B7-1C15-44CF-A712-12644342503B}.MinSizeRel|x86.Build.0 = Release|Win32
		{66BC09B7-1C15-44CF-A712-12644342503B}.Release|Win32.ActiveCfg = Release|Win32
		{66BC09B7-1C15-44CF-A712-12644342503B}.Release|Win32.Build.0 = Release|Win32
		{66BC09B7-1C15-44CF-A712-12644342503B}.Release|x64.ActiveCfg = Release|x64
		{66BC09B7-1C15-44CF-A712-12644342503B}.Release|x64.Build.0 = Release|x64
		{66BC09B7-1C15-44CF-A712-12644342503B}.Release|x86.ActiveCfg = Release|Win32
		{66BC09B7-1C15-44CF-A712-12644342503B}.Release|x86.Build.0 = Release|Win32
		{66BC09B7-1C15-44CF-A712-12644342503B}.RelWithDebInfo|Win32.ActiveCfg = Release|Win32
		{66BC09B7-1C15-44CF-A712-12644342503B}.RelWithDebInfo|Win32.Build.0 = Release|Win32
		{66BC09B7-1C15-44CF-A712-12644342503B}.RelWithDebInfo|x64.ActiveCfg = Release|x64
		{66BC09B7-1C15-44CF-A712-12644342503B}.RelWithDebInfo|x64.Build.0 = Release|x64
		{66BC09B7-1C15-44CF-A712-12644342503B}.RelWithDebInfo|x86.ActiveCfg = Release|Win32
		{66BC09B7-1C15-44CF-A712-12644342503B}.RelWithDebInfo|x86.Build.0 = Release|Win32
		{C0EA0A0C-B470-4F4F-8863-E8F8080DE1E8}.Debug|Win32.ActiveCfg = Debug|Win32
		{C0EA0A0C-B470-4F4F-8863-E8F8080DE1E8}.Debug|Win32.Build.0 = Debug|Win32
		{C0EA0A0C-B470-4F4F-8863-E8F8080DE1E8}.Debug|x64.ActiveCfg = Debug|x64
		{C0EA0A0C-B470-4F4F-8863-E8F8080DE1E8}.Debug|x64.Build.0 = Debug|x64
		{C0EA0A0C-B470-4F4F-8863-E8F8080DE1E8}.Debug|x86.ActiveCfg = Debug|Win32
		{C0EA0A0C-B470-4F4F-8863-E8F8080DE1E8}.Debug|x86.Build.0 = Debug|Win32
		{C0EA0A0C-B470-4F4F-8863-E8F8080DE1E8}.MinSizeRel|Win32.ActiveCfg = Release|Win32
		{C0EA0A0C-B470-4F4F-8863-E8F8080DE1E8}.MinSizeRel|Win32.Build.0 = Release|Win32
		{C0EA0A0C-B470-4F4F-8863-E8F8080DE1E8}.MinSizeRel|x64.ActiveCfg = Release|x64
		{C0EA0A0C-B470-4F4F-8863-E8F8080DE1E8}.MinSizeRel|x64.Build.0 = Release|x64
		{C0EA0A0C-B470-4F4F-8863-E8F8080DE1E8}.MinSizeRel|x86.ActiveCfg = Release|Win32
		{C0EA0A0C-B470-4F4F-8863-E8F8080DE1E8}.MinSizeRel|x86.Build.0 = Release|Win32
		{C0EA0A0C-B470-4F4F-8863-E8F8080DE1E8}.Release|Win32.ActiveCfg = Release|Win32
		{C0EA0A0C-B470-4F4F-8863-E8F8080DE1E8}.Release|Win32.Build.0 = Release|Win32
		{C0EA0A0C-B470-4F4F-8863-E8F8080DE1E8}.Release|x64.ActiveCfg = Release|x64
		{C0EA0A0C-B470-4F4F-8863-E8F8080DE1E8}.Release|x64.Build.0 = Release|x64
		{C0EA0A0C-B470-4F4F-8863-E8F8080DE1E8}.Release|x86.ActiveCfg = Release|Win32
		{C0EA0A0C-B470-4F4F-8863-E8F8080DE1E8}.Release|x86.Build.0 = Release|Win32
		{C0EA0A0C-B470-4F4F-8863-E8F8080DE1E8}.RelWithDebInfo|Win32.ActiveCfg = Release|Win32
		{C0EA0A0C-B470-4F4F-8863-E8F8080DE1E8}.RelWithDebInfo|Win32.Build.0 = Release|Win32
		{C0EA0A0C-B470-4F4F-8863-E8F8080DE1E8}.RelWithDebInfo|x64.ActiveCfg = Release|x64
		{C0EA0A0C-B470-4F4F-8863-E8F8080DE1E8}.RelWithDebInfo|x64.Build.0 = Release|x64
		{C0EA0A0C-B470-4F4F-8863-E8F8080DE1E8}.RelWithDebInfo|x86.ActiveCfg = Release|Win32
		{C0EA0A0C-B470-4F4F-8863-E8F8080DE1E8}.RelWithDebInfo|x86.Build.0 = Release|Win32
		{BDA334A8-2A8A-41C7-8AF5-5A0C03EF8B6B}.Debug|Win32.ActiveCfg = Debug|Win32
		{BDA334A8-2A8A-41C7-8AF5-5A0C03EF8B6B}.Debug|Win32.Build.0 = Debug|Win32
		{BDA334A8-2A8A-41C7-8AF5-5A0C03EF8B6B}.Debug|x64.ActiveCfg = Debug|x64
		{BDA334A8-2A8A-41C7-8AF5-5A0C03EF8B6B}.Debug|x64.Build.0 = Debug|x64
		{BDA334A8-2A8A-41C7-8AF5-5A0C03EF8B6B}.Debug|x86.ActiveCfg = Debug|Win32
		{BDA334A8-2A8A-41C7-8AF5-5A0C03EF8B6B}.Debug|x86.Build.0 = Debug|Win32
		{BDA334A8-2A8A-41C7-8AF5-5A0C03EF8B6B}.MinSizeRel|Win32.ActiveCfg = Release|Win32
		{BDA334A8-2A8A-41C7-8AF5-5A0C03EF8B6B}.MinSizeRel|Win32.Build.0 = Release|Win32
		{BDA334A8-2A8A-41C7-8AF5-5A0C03EF8B6B}.MinSizeRel|x64.ActiveCfg = Release|x64
		{BDA334A8-2A8A-41C7-8AF5-5A0C03EF8B6B}.MinSizeRel|x64.Build.0 = Release|x64
		{BDA334A8-2A8A-41C7-8AF5-5A0C03EF8B6B}.MinSizeRel|x86.ActiveCfg = Release|Win32
		{BDA334A8-2A8A-41C7-8AF5-5A0C03EF8B6B}.MinSizeRel|x86.Build.0 = Release|Win32
		{BDA334A8-2A8A-41C7-8AF5-5A0C03EF8B6B}.Release|Win32.ActiveCfg = Release|Win32
		{BDA334A8-2A8A-41C7-8AF5-5A0C03EF8B6B}.Release|Win32.Build.0 = Release|Win32
		{BDA334A8-2A8A-41C7-8AF5-5A0C03EF8B6B}.Release|x64.ActiveCfg = Release|x64
		{BDA334A8-2A8A-41C7-8AF5-5A0C03EF8B6B}.Release|x64.Build.0 = Release|x64
		{BDA334A8-2A8A-41C7-8AF5-5A0C03EF8B6B}.Release|x86.ActiveCfg = Release|Win32
		{BDA334A8-2A8A-41C7-8AF5-5A0C03EF8B6B}.Release|x86.Build.0 = Release|Win32
		{BDA334A8-2A8A-41C7-8AF5-5A0C03EF8B6B}.RelWithDebInfo|Win32.ActiveCfg = Release|Win32
		{BDA334A8-2A8A-41C7-8AF5-5A0C03EF8B6B}.RelWithDebInfo|Win32.Build.0 = Release|Win32
		{BDA334A8-2A8A-41C7-8AF5-5A0C03EF8B6B}.RelWithDebInfo|x64.ActiveCfg = Release|x64
		{BDA334A8-2A8A-41C7-8AF5-5A0C03EF8B6B}.RelWithDebInfo|x64.Build.0 = Release|x64
		{BDA334A8-2A8A-41C7-8AF5-5A0C03EF8B6B}.RelWithDebInfo|x86.ActiveCfg = Release|Win32
		{BDA334A8-2A8A-41C7-8AF5-5A0C03EF8B6B}.RelWithDebInfo|x86.Build.0 = Release|Win32
		{679DCF28-7398-4469-8F70-12C57E942BFF}.Debug|Win32.ActiveCfg = Debug|Win32
		{679DCF28-7398-4469-8F70-12C57E942BFF}.Debug|Win32.Build.0 = Debug|Win32
		{679DCF28-7398-4469-8F70-12C57E942BFF}.Debug|x64.ActiveCfg = Debug|x64
		{679DCF28-7398-4469-8F70-12C57E942BFF}.Debug|x64.Build.0 = Debug|x64
		{679DCF28-7398-4469-8F70-12C57E942BFF}.Debug|x86.ActiveCfg = Debug|Win32
		{679DCF28-7398-4469-8F70-12C57E942BFF}.Debug|x86.Build.0 = Debug|Win32
		{679DCF28-7398-4469-8F70-12C57E942BFF}.MinSizeRel|Win32.ActiveCfg = Release|Win32
		{679DCF28-7398-4469-8F70-12C57E942BFF}.MinSizeRel|Win32.Build.0 = Release|Win32
		{679DCF28-7398-4469-8F70-12C57E942BFF}.MinSizeRel|x64.ActiveCfg = Release|x64
		{679DCF28-7398-4469-8F70-12C57E942BFF}.MinSizeRel|x64.Build.0 = Release|x64
		{679DCF28-7398-4469-8F70-12C57E942BFF}.MinSizeRel|x86.ActiveCfg = Release|Win32
		{679DCF28-7398-4469-8F70-12C57E942BFF}.MinSizeRel|x86.Build.0 = Release|Win32
		{679DCF28-7398-4469-8F70-12C57E942BFF}.Release|Win32.ActiveCfg = Release|Win32
		{679DCF28-7398-4469-8F70-12C57E942BFF}.Release|Win32.Build.0 = Release|Win32
		{679DCF28-7398-4469-8F70-12C57E942BFF}.Release|x64.ActiveCfg = Release|x64
		{679DCF28-7398-4469-8F70-12C57E942BFF}.Release|x64.Build.0 = Release|x64
		{679DCF28-7398-4469-8F70-12C57E942BFF}.Release|x86.ActiveCfg = Release|Win32
		{679DCF28-7398-4469-8F70-12C57E942BFF}.Release|x86.Build.0 = Release|Win32
		{679DCF28-7398-4469-8F70-12C57E942BFF}.RelWithDebInfo|Win32.ActiveCfg = Release|Win32
		{679DCF28-7398-4469-8F70-12C57E942BFF}.RelWithDebInfo|Win32.Build.0 = Release|Win32
		{679DCF28-7398-4469-8F70-12C57E942BFF}.RelWithDebInfo|x64.ActiveCfg = Release|x64
		{679DCF28-7398-4469-8F70-12C57E942BFF}.RelWithDebInfo|x64.Build.0 = Release|x64
		{679DCF28-7398-4469-8F70-12C57E942BFF}.RelWithDebInfo|x86.ActiveCfg = Release|Win32
		{679DCF28-7398-4469-8F70-12C57E942BFF}.RelWithDebInfo|x86.Build.0 = Release|Win32
		{43FB051F-F099-4288-BF37-182DAEB8D460}.Debug|Win32.ActiveCfg = Debug|Win32
		{43FB051F-F099-4288-BF37-182DAEB8D460}.Debug|Win32.Build.0 = Debug|Win32
		{43FB051F-F099-4288-BF37-182DAEB8D460}.Debug|x64.ActiveCfg = Debug|x64
		{43FB051F-F099-4288-BF37-182DAEB8D460}.Debug|x64.Build.0 = Debug|x64
		{43FB051F-F099-4288-BF37-182DAEB8D460}.Debug|x86.ActiveCfg = Debug|Win32
		{43FB051F-F099-4288-BF37-182DAEB8D460}.Debug|x86.Build.0 = Debug|Win32
		{43FB051F-F099-4288-BF37-182DAEB8D460}.MinSizeRel|Win32.ActiveCfg = Release|Win32
		{43FB051F-F099-4288-BF37-182DAEB8D460}.MinSizeRel|Win32.Build.0 = Release|Win32
		{43FB051F-F099-4288-BF37-182DAEB8D460}.MinSizeRel|x64.ActiveCfg = Release|x64
		{43FB051F-F099-4288-BF37-182DAEB8D460}.MinSizeRel|x64.Build.0 = Release|x64
		{43FB051F-F099-4288-BF37-182DAEB8D460}.MinSizeRel|x86.ActiveCfg = Release|Win32
		{43FB051F-F099-4288-BF37-182DAEB8D460}.MinSizeRel|x86.Build.0 = Release|Win32
		{43FB051F-F099-4288-BF37-182DAEB8D460}.Release|Win32.ActiveCfg = Release|Win32
		{43FB051F-F099-4288-BF37-182DAEB8D460}.Release|Win32.Build.0 = Release|Win32
		{43FB051F-F099-4288-BF37-182DAEB8D460}.Release|x64.ActiveCfg = Release|x64
		{43FB051F-F099-4288-BF37-182DAEB8D460}.Release|x64.Build.0 = Release|x64
		{43FB051F-F099-4288-BF37-182DAEB8D460}.Release|x86.ActiveCfg = Release|Win32
		{43FB051F-F099-4288-BF37-182DAEB8D460}.Release|x86.Build.0 = Release|Win32
		{43FB051F-F099-4288-BF37-182DAEB8D460}.RelWithDebInfo|Win32.ActiveCfg = Release|Win32
		{43FB051F-F099-4288-BF37-182DAEB8D460}.RelWithDebInfo|Win32.Build.0 = Release|Win32
		{43FB051F-F099-4288-BF37-182DAEB8D460}.RelWithDebInfo|x64.ActiveCfg = Release|x64
		{43FB051F-F099-4288-BF37-182DAEB8D460}.RelWithDebInfo|x64.Build.0 = Release|x64
		{43FB051F-F099-4288-BF37-182DAEB8D460}.RelWithDebInfo|x86.ActiveCfg = Release|Win32
		{43FB051F-F099-4288-BF37-182DAEB8D460}.RelWithDebInfo|x86.Build.0 = Release|Win32
		{4E3354DB-AB03-4D0A-8B41-1AC32A426CEA}.Debug|Win32.ActiveCfg = Debug|Win32
		{4E3354DB-AB03-4D0A-8B41-1AC32A426CEA}.Debug|Win32.Build.0 = Debug|Win32
		{4E3354DB-AB03-4D0A-8B41-1AC32A426CEA}.Debug|x64.ActiveCfg = Debug|x64
		{4E3354DB-AB03-4D0A-8B41-1AC32A426CEA}.Debug|x64.Build.0 = Debug|x64
		{4E3354DB-AB03-4D0A-8B41-1AC32A426CEA}.Debug|x86.ActiveCfg = Debug|Win32
		{4E3354DB-AB03-4D0A-8B41-1AC32A426CEA}.Debug|x86.Build.0 = Debug|Win32
		{4E3354DB-AB03-4D0A-8B41-1AC32A426CEA}.MinSizeRel|Win32.ActiveCfg = Release|Win32
		{4E3354DB-AB03-4D0A-8B41-1AC32A426CEA}.MinSizeRel|Win32.Build.0 = Release|Win32
		{4E3354DB-AB03-4D0A-8B41-1AC32A426CEA}.MinSizeRel|x64.ActiveCfg = Release|x64
		{4E3354DB-AB03-4D0A-8B41-1AC32A426CEA}.MinSizeRel|x64.Build.0 = Release|x64
		{4E3354DB-AB03-4D0A-8B41-1AC32A426CEA}.MinSizeRel|x86.ActiveCfg = Release|Win32
		{4E3354DB-AB03-4D0A-8B41-1AC32A426CEA}.MinSizeRel|x86.Build.0 = Release|Win32
		{4E3354DB-AB03-4D0A-8B41-1AC32A426CEA}.Release|Win32.ActiveCfg = Release|Win32
		{4E3354DB-AB03-4D0A-8B41-1AC32A426CEA}.Release|Win32.Build.0 = Release|Win32
		{4E3354DB-AB03-4D0A-8B41-1AC32A426CEA}.Release|x64.ActiveCfg = Release|x64
		{4E3354DB-AB03-4D0A-8B41-1AC32A426CEA}.Release|x64.Build.0 = Release|x64
		{4E3354DB-AB03-4D0A-8B41-1AC32A426CEA}.Release|x86.ActiveCfg = Release|Win32
		{4E3354DB-AB03-4D0A-8B41-1AC32A426CEA}.Release|x86.Build.0 = Release|Win32
		{4E3354DB-AB03-4D0A-8B41-1AC32A426CEA}.RelWithDebInfo|Win32.ActiveCfg = Release|Win32
		{4E3354DB-AB03-4D0A-8B41-1AC32A426CEA}.RelWithDebInfo|Win32.Build.0 = Release|Win32
		{4E3354DB-AB03-4D0A-8B41-1AC32A426CEA}.RelWithDebInfo|x64.ActiveCfg = Release|x64
		{4E3354DB-AB03-4D0A-8B41-1AC32A426CEA}.RelWithDebInfo|x64.Build.0 = Release|x64
		{4E3354DB-AB03-4D0A-8B41-1AC32A426CEA}.RelWithDebInfo|x86.ActiveCfg = Release|Win32
		{4E3354DB-AB03-4D0A-8B41-1AC32A426CEA}.RelWithDebInfo|x86.Build.0 = Release|Win32
		{F8547FE6-50C0-4DFD-BCD1-7C7076F156B3}.Debug|Win32.ActiveCfg = Debug|Win32
		{F8547FE6-50C0-4DFD-BCD1-7C7076F156B3}.Debug|Win32.Build.0 = Debug|Win32
		{F8547FE6-50C0-4DFD-BCD1-7C7076F156B3}.Debug|x64.ActiveCfg = Debug|x64
		{F8547FE6-50C0-4DFD-BCD1-7C7076F156B3}.Debug|x64.Build.0 = Debug|x64
		{F8547FE6-50C0-4DFD-BCD1-7C7076F156B3}.Debug|x86.ActiveCfg = Debug|Win32
		{F8547FE6-50C0-4DFD-BCD1-7C7076F156B3}.Debug|x86.Build.0 = Debug|Win32
		{F8547FE6-50C0-4DFD-BCD1-7C7076F156B3}.MinSizeRel|Win32.ActiveCfg = Release|Win32
		{F8547FE6-50C0-4DFD-BCD1-7C7076F156B3}.MinSizeRel|Win32.Build.0 = Release|Win32
		{F8547FE6-50C0-4DFD-BCD1-7C7076F156B3}.MinSizeRel|x64.ActiveCfg = Release|x64
		{F8547FE6-50C0-4DFD-BCD1-7C7076F156B3}.MinSizeRel|x64.Build.0 = Release|x64
		{F8547FE6-50C0-4DFD-BCD1-7C7076F156B3}.MinSizeRel|x86.ActiveCfg = Release|Win32
		{F8547FE6-50C0-4DFD-BCD1-7C7076F156B3}.MinSizeRel|x86.Build.0 = Release|Win32
		{F8547FE6-50C0-4DFD-BCD1-7C7076F156B3}.Release|Win32.ActiveCfg = Release|Win32
		{F8547FE6-50C0-4DFD-BCD1-7C7076F156B3}.Release|Win32.Build.0 = Release|Win32
		{F8547FE6-50C0-4DFD-BCD1-7C7076F156B3}.Release|x64.ActiveCfg = Release|x64
		{F8547FE6-50C0-4DFD-BCD1-7C7076F156B3}.Release|x64.Build.0 = Release|x64
		{F8547FE6-50C0-4DFD-BCD1-7C7076F156B3}.Release|x86.ActiveCfg = Release|Win32
		{F8547FE6-50C0-4DFD-BCD1-7C7076F156B3}.Release|x86.Build.0 = Release|Win32
		{F8547FE6-50C0-4DFD-BCD1-7C7076F156B3}.RelWithDebInfo|Win32.ActiveCfg = Release|Win32
		{F8547FE6-50C0-4DFD-BCD1-7C7076F156B3}.RelWithDebInfo|Win32.Build.0 = Release|Win32
		{F8547FE6-50C0-4DFD-BCD1-7C7076F156B3}.RelWithDebInfo|x64.ActiveCfg = Release|x64
		{F8547FE6-50C0-4DFD-BCD1-7C7076F156B3}.RelWithDebInfo|x64.Build.0 = Release|x64
		{F8547FE6-50C0-4DFD-BCD1-7C7076F156B3}.RelWithDebInfo|x86.ActiveCfg = Release|Win32
		{F8547FE6-50C0-4DFD-BCD1-7C7076F156B3}.RelWithDebInfo|x86.Build.0 = Release|Win32
		{1D88B69A-4BC8-430D-B5F8-04E6D39415B6}.Debug|Win32.ActiveCfg = Debug|Win32
		{1D88B69A-4BC8-430D-B5F8-04E6D39415B6}.Debug|Win32.Build.0 = Debug|Win32
		{1D88B69A-4BC8-430D-B5F8-04E6D39415B6}.Debug|x64.ActiveCfg = Debug|x64
		{1D88B69A-4BC8-430D-B5F8-04E6D39415B6}.Debug|x64.Build.0 = Debug|x64
		{1D88B69A-4BC8-430D-B5F8-04E6D39415B6}.Debug|x86.ActiveCfg = Debug|Win32
		{1D88B69A-4BC8-430D-B5F8-04E6D39415B6}.Debug|x86.Build.0 = Debug|Win32
		{1D88B69A-4BC8-430D-B5F8-04E6D39415B6}.MinSizeRel|Win32.ActiveCfg = Release|Win32
		{1D88B69A-4BC8-430D-B5F8-04E6D39415B6}.MinSizeRel|Win32.Build.0 = Release|Win32
		{1D88B69A-4BC8-430D-B5F8-04E6D39415B6}.MinSizeRel|x64.ActiveCfg = Release|x64
		{1D88B69A-4BC8-430D-B5F8-04E6D39415B6}.MinSizeRel|x64.Build.0 = Release|x64
		{1D88B69A-4BC8-430D-B5F8-04E6D39415B6}.MinSizeRel|x86.ActiveCfg = Release|Win32
		{1D88B69A-4BC8-430D-B5F8-04E6D39415B6}.MinSizeRel|x86.Build.0 = Release|Win32
		{1D88B69A-4BC8-430D-B5F8-04E6D39415B6}.Release|Win32.ActiveCfg = Release|Win32
		{1D88B69A-4BC8-430D-B5F8-04E6D39415B6}.Release|Win32.Build.0 = Release|Win32
		{1D88B69A-4BC8-430D-B5F8-04E6D39415B6}.Release|x64.ActiveCfg = Release|x64
		{1D88B69A-4BC8-430D-B5F8-04E6D39415B6}.Release|x64.Build.0 = Release|x64
		{1D88B69A-4BC8-430D-B5F8-04E6D39415B6}.Release|x86.ActiveCfg = Release|Win32
		{1D88B69A-4BC8-430D-B5F8-04E6D39415B6}.Release|x86.Build.0 = Release|Win32
		{1D88B69A-4BC8-430D-B5F8-04E6D39415B6}.RelWithDebInfo|Win32.ActiveCfg = Release|Win32
		{1D88B69A-4BC8-430D-B5F8-04E6D39415B6}.RelWithDebInfo|Win32.Build.0 = Release|Win32
		{1D88B69A-4BC8-430D-B5F8-04E6D39415B6}.RelWithDebInfo|x64.ActiveCfg = Release|x64
		{1D88B69A-4BC8-430D-B5F8-04E6D39415B6}.RelWithDebInfo|x64.Build.0 = Release|x64
		{1D88B69A-4BC8-430D-B5F8-04E6D39415B6}.RelWithDebInfo|x86.ActiveCfg = Release|Win32
		{1D88B69A-4BC8-430D-B5F8-04E6D39415B6}.RelWithDebInfo|x86.Build.0 = Release|Win32
		{9AF7829F-CA3C-48B8-BF0B-C992502F3A08}.Debug|Win32.ActiveCfg = Debug|Win32
		{9AF7829F-CA3C-48B8-BF0B-C992502F3A08}.Debug|Win32.Build.0 = Debug|Win32
		{9AF7829F-CA3C-48B8-BF0B-C992502F3A08}.Debug|x64.ActiveCfg = Debug|x64
		{9AF7829F-CA3C-48B8-BF0B-C992502F3A08}.Debug|x64.Build.0 = Debug|x64
		{9AF7829F-CA3C-48B8-BF0B-C992502F3A08}.Debug|x86.ActiveCfg = Debug|Win32
		{9AF7829F-CA3C-48B8-BF0B-C992502F3A08}.Debug|x86.Build.0 = Debug|Win32
		{9AF7829F-CA3C-48B8-BF0B-C992502F3A08}.MinSizeRel|Win32.ActiveCfg = Release|Win32
		{9AF7829F-CA3C-48B8-BF0B-C992502F3A08}.MinSizeRel|Win32.Build.0 = Release|Win32
		{9AF7829F-CA3C-48B8-BF0B-C992502F3A08}.MinSizeRel|x64.ActiveCfg = Release|x64
		{9AF7829F-CA3C-48B8-BF0B-C992502F3A08}.MinSizeRel|x64.Build.0 = Release|x64
		{9AF7829F-CA3C-48B8-BF0B-C992502F3A08}.MinSizeRel|x86.ActiveCfg = Release|Win32
		{9AF7829F-CA3C-48B8-BF0B-C992502F3A08}.MinSizeRel|x86.Build.0 = Release|Win32
		{9AF7829F-CA3C-48B8-BF0B-C992502F3A08}.Release|Win32.ActiveCfg = Release|Win32
		{9AF7829F-CA3C-48B8-BF0B-C992502F3A08}.Release|Win32.Build.0 = Release|Win32
		{9AF7829F-CA3C-48B8-BF0B-C992502F3A08}.Release|x64.ActiveCfg = Release|x64
		{9AF7829F-CA3C-48B8-BF0B-C992502F3A08}.Release|x64.Build.0 = Release|x64
		{9AF7829F-CA3C-48B8-BF0B-C992502F3A08}.Release|x86.ActiveCfg = Release|Win32
		{9AF7829F-CA3C-48B8-BF0B-C992502F3A08}.Release|x86.Build.0 = Release|Win32
		{9AF7829F-CA3C-48B8-BF0B-C992502F3A08}.RelWithDebInfo|Win32.ActiveCfg = Release|Win32
		{9AF7829F-CA3C-48B8-BF0B-C992502F3A08}.RelWithDebInfo|Win32.Build.0 = Release|Win32
		{9AF7829F-CA3C-48B8-BF0B-C992502F3A08}.RelWithDebInfo|x64.ActiveCfg = Release|x64
		{9AF7829F-CA3C-48B8-BF0B-C992502F3A08}.RelWithDebInfo|x64.Build.0 = Release|x64
		{9AF7829F-CA3C-48B8-BF0B-C992502F3A08}.RelWithDebInfo|x86.ActiveCfg = Release|Win32
		{9AF7829F-CA3C-48B8-BF0B-C992502F3A08}.RelWithDebInfo|x86.Build.0 = Release|Win32
		{9384CD0B-509C-4976-87EF-12706E203B6F}.Debug|Win32.ActiveCfg = Debug|Win32
		{9384CD0B-509C-4976-87EF-12706E203B6F}.Debug|Win32.Build.0 = Debug|Win32
		{9384CD0B-509C-4976-87EF-12706E203B6F}.Debug|x64.ActiveCfg = Debug|x64
		{9384CD0B-509C-4976-87EF-12706E203B6F}.Debug|x64.Build.0 = Debug|x64
		{9384CD0B-509C-4976-87EF-12706E203B6F}.Debug|x86.ActiveCfg = Debug|Win32
		{9384CD0B-509C-4976-87EF-12706E203B6F}.Debug|x86.Build.0 = Debug|Win32
		{9384CD0B-509C-4976-87EF-12706E203B6F}.MinSizeRel|Win32.ActiveCfg = Release|Win32
		{9384CD0B-509C-4976-87EF-12706E203B6F}.MinSizeRel|Win32.Build.0 = Release|Win32
		{9384CD0B-509C-4976-87EF-12706E203B6F}.MinSizeRel|x64.ActiveCfg = Release|x64
		{9384CD0B-509C-4976-87EF-12706E203B6F}.MinSizeRel|x64.Build.0 = Release|x64
		{9384CD0B-509C-4976-87EF-12706E203B6F}.MinSizeRel|x86.ActiveCfg = Release|Win32
		{9384CD0B-509C-4976-87EF-12706E203B6F}.MinSizeRel|x86.Build.0 = Release|Win32
		{9384CD0B-509C-4976-87EF-12706E203B6F}.Release|Win32.ActiveCfg = Release|Win32
		{9384CD0B-509C-4976-87EF-12706E203B6F}.Release|Win32.Build.0 = Release|Win32
		{9384CD0B-509C-4976-87EF-12706E203B6F}.Release|x64.ActiveCfg = Release|x64
		{9384CD0B-509C-4976-87EF-12706E203B6F}.Release|x64.Build.0 = Release|x64
		{9384CD0B-509C-4976-87EF-12706E203B6F}.Release|x86.ActiveCfg = Release|Win32
		{9384CD0B-509C-4976-87EF-12706E203B6F}.Release|x86.Build.0 = Release|Win32
		{9384CD0B-509C-4976-87EF-12706E203B6F}.RelWithDebInfo|Win32.ActiveCfg = Release|Win32
		{9384CD0B-509C-4976-87EF-12706E203B6F}.RelWithDebInfo|Win32.Build.0 = Release|Win32
		{9384CD0B-509C-4976-87EF-12706E203B6F}.RelWithDebInfo|x64.ActiveCfg = Release|x64
		{9384CD0B-509C-4976-87EF-12706E203B6F}.RelWithDebInfo|x64.Build.0 = Release|x64
		{9384CD0B-509C-4976-87EF-12706E203B6F}.RelWithDebInfo|x86.ActiveCfg = Release|Win32
		{9384CD0B-509C-4976-87EF-12706E203B6F}.RelWithDebInfo|x86.Build.0 = Release|Win32
	EndGlobalSection
	GlobalSection(SolutionProperties) = preSolution
		HideSolutionNode = FALSE
	EndGlobalSection
	GlobalSection(ExtensibilityGlobals) = postSolution
		SolutionGuid = {9D8AB3C1-B3B3-4543-877D-8DB22764C237}
	EndGlobalSection
EndGlobal
